
Microsoft Visual Studio Solution File, Format Version 12.00
# Visual Studio Version 17
VisualStudioVersion = 17.13.35931.197
MinimumVisualStudioVersion = 10.0.40219.1
Project("{FAE04EC0-301F-11D3-BF4B-00C04F79EFBC}") = "FittingShop", "FittingShop\FittingShop.csproj", "{D326CFA7-F877-4C23-A83E-E9DA2AED203E}"
EndProject
Project("{FAE04EC0-301F-11D3-BF4B-00C04F79EFBC}") = "Tests", "Tests\Tests.csproj", "{90643E6A-2512-437D-A07F-A5B169B61651}"
EndProject
Project("{FAE04EC0-301F-11D3-BF4B-00C04F79EFBC}") = "Vehicle", "Vehicle\Vehicle.csproj", "{FC3F9B62-77C1-4C5B-A949-7A79DB1FBB16}"
EndProject
Global
	GlobalSection(SolutionConfigurationPlatforms) = preSolution
		Debug|Any CPU = Debug|Any CPU
		Release|Any CPU = Release|Any CPU
	EndGlobalSection
	GlobalSection(ProjectConfigurationPlatforms) = postSolution
		{D326CFA7-F877-4C23-A83E-E9DA2AED203E}.Debug|Any CPU.ActiveCfg = Debug|Any CPU
		{D326CFA7-F877-4C23-A83E-E9DA2AED203E}.Debug|Any CPU.Build.0 = Debug|Any CPU
		{D326CFA7-F877-4C23-A83E-E9DA2AED203E}.Release|Any CPU.ActiveCfg = Release|Any CPU
		{D326CFA7-F877-4C23-A83E-E9DA2AED203E}.Release|Any CPU.Build.0 = Release|Any CPU
		{90643E6A-2512-437D-A07F-A5B169B61651}.Debug|Any CPU.ActiveCfg = Debug|Any CPU
		{90643E6A-2512-437D-A07F-A5B169B61651}.Debug|Any CPU.Build.0 = Debug|Any CPU
		{90643E6A-2512-437D-A07F-A5B169B61651}.Release|Any CPU.ActiveCfg = Release|Any CPU
		{90643E6A-2512-437D-A07F-A5B169B61651}.Release|Any CPU.Build.0 = Release|Any CPU
		{FC3F9B62-77C1-4C5B-A949-7A79DB1FBB16}.Debug|Any CPU.ActiveCfg = Debug|Any CPU
		{FC3F9B62-77C1-4C5B-A949-7A79DB1FBB16}.Debug|Any CPU.Build.0 = Debug|Any CPU
		{FC3F9B62-77C1-4C5B-A949-7A79DB1FBB16}.Release|Any CPU.ActiveCfg = Release|Any CPU
		{FC3F9B62-77C1-4C5B-A949-7A79DB1FBB16}.Release|Any CPU.Build.0 = Release|Any CPU
	EndGlobalSection
	GlobalSection(SolutionProperties) = preSolution
		HideSolutionNode = FALSE
	EndGlobalSection
	GlobalSection(ExtensibilityGlobals) = postSolution
		SolutionGuid = {6411BE65-FB2B-4867-9329-6604B2D22E8A}
	EndGlobalSection
EndGlobal
